// !$*UTF8*$!
{
	archiveVersion = 1;
	classes = {
	};
	objectVersion = 56;
	objects = {

/* Begin PBXBuildFile section */
		5409E6442C23CD1B001B8F7F /* LetMeKnowApp.swift in Sources */ = {isa = PBXBuildFile; fileRef = 5409E6432C23CD1B001B8F7F /* LetMeKnowApp.swift */; };
		5409E6462C23CD1B001B8F7F /* ContentView.swift in Sources */ = {isa = PBXBuildFile; fileRef = 5409E6452C23CD1B001B8F7F /* ContentView.swift */; };
		5409E6482C23CD1C001B8F7F /* Assets.xcassets in Resources */ = {isa = PBXBuildFile; fileRef = 5409E6472C23CD1C001B8F7F /* Assets.xcassets */; };
		5409E64B2C23CD1C001B8F7F /* Preview Assets.xcassets in Resources */ = {isa = PBXBuildFile; fileRef = 5409E64A2C23CD1C001B8F7F /* Preview Assets.xcassets */; };
		5409E6552C23D54A001B8F7F /* Task.swift in Sources */ = {isa = PBXBuildFile; fileRef = 5409E6542C23D54A001B8F7F /* Task.swift */; };
		5409E6572C23D5D8001B8F7F /* CalendarDB.swift in Sources */ = {isa = PBXBuildFile; fileRef = 5409E6562C23D5D8001B8F7F /* CalendarDB.swift */; };
/* End PBXBuildFile section */

/* Begin PBXFileReference section */
		5409E6402C23CD1B001B8F7F /* LetMeKnow.app */ = {isa = PBXFileReference; explicitFileType = wrapper.application; includeInIndex = 0; path = LetMeKnow.app; sourceTree = BUILT_PRODUCTS_DIR; };
		5409E6432C23CD1B001B8F7F /* LetMeKnowApp.swift */ = {isa = PBXFileReference; lastKnownFileType = sourcecode.swift; path = LetMeKnowApp.swift; sourceTree = "<group>"; };
		5409E6452C23CD1B001B8F7F /* ContentView.swift */ = {isa = PBXFileReference; lastKnownFileType = sourcecode.swift; path = ContentView.swift; sourceTree = "<group>"; };
		5409E6472C23CD1C001B8F7F /* Assets.xcassets */ = {isa = PBXFileReference; lastKnownFileType = folder.assetcatalog; path = Assets.xcassets; sourceTree = "<group>"; };
		5409E64A2C23CD1C001B8F7F /* Preview Assets.xcassets */ = {isa = PBXFileReference; lastKnownFileType = folder.assetcatalog; path = "Preview Assets.xcassets"; sourceTree = "<group>"; };
		5409E6542C23D54A001B8F7F /* Task.swift */ = {isa = PBXFileReference; lastKnownFileType = sourcecode.swift; path = Task.swift; sourceTree = "<group>"; };
		5409E6562C23D5D8001B8F7F /* CalendarDB.swift */ = {isa = PBXFileReference; lastKnownFileType = sourcecode.swift; path = CalendarDB.swift; sourceTree = "<group>"; };
/* End PBXFileReference section */

/* Begin PBXFrameworksBuildPhase section */
		5409E63D2C23CD1B001B8F7F /* Frameworks */ = {
			isa = PBXFrameworksBuildPhase;
			buildActionMask = 2147483647;
			files = (
			);
			runOnlyForDeploymentPostprocessing = 0;
		};
/* End PBXFrameworksBuildPhase section */

/* Begin PBXGroup section */
		5409E6372C23CD1B001B8F7F = {
			isa = PBXGroup;
			children = (
				5409E6422C23CD1B001B8F7F /* LetMeKnow */,
				5409E6412C23CD1B001B8F7F /* Products */,
			);
			sourceTree = "<group>";
		};
		5409E6412C23CD1B001B8F7F /* Products */ = {
			isa = PBXGroup;
			children = (
				5409E6402C23CD1B001B8F7F /* LetMeKnow.app */,
			);
			name = Products;
			sourceTree = "<group>";
		};
		5409E6422C23CD1B001B8F7F /* LetMeKnow */ = {
			isa = PBXGroup;
			children = (
				5409E6532C23D509001B8F7F /* Model */,
				5409E6522C23D504001B8F7F /* View */,
				5409E6512C23D500001B8F7F /* VM */,
				5409E6432C23CD1B001B8F7F /* LetMeKnowApp.swift */,
				5409E6452C23CD1B001B8F7F /* ContentView.swift */,
				5409E6472C23CD1C001B8F7F /* Assets.xcassets */,
				5409E6492C23CD1C001B8F7F /* Preview Content */,
			);
			path = LetMeKnow;
			sourceTree = "<group>";
		};
		5409E6492C23CD1C001B8F7F /* Preview Content */ = {
			isa = PBXGroup;
			children = (
				5409E64A2C23CD1C001B8F7F /* Preview Assets.xcassets */,
			);
			path = "Preview Content";
			sourceTree = "<group>";
		};
		5409E6512C23D500001B8F7F /* VM */ = {
			isa = PBXGroup;
			children = (
				5409E6562C23D5D8001B8F7F /* CalendarDB.swift */,
			);
			path = VM;
			sourceTree = "<group>";
		};
		5409E6522C23D504001B8F7F /* View */ = {
			isa = PBXGroup;
			children = (
				5409E6592C23D799001B8F7F /* Calendar */,
				5409E6582C23D78F001B8F7F /* Splash */,
			);
			path = View;
			sourceTree = "<group>";
		};
		5409E6532C23D509001B8F7F /* Model */ = {
			isa = PBXGroup;
			children = (
				5409E6542C23D54A001B8F7F /* Task.swift */,
			);
			path = Model;
			sourceTree = "<group>";
		};
		5409E6582C23D78F001B8F7F /* Splash */ = {
			isa = PBXGroup;
			children = (
			);
			path = Splash;
			sourceTree = "<group>";
		};
		5409E6592C23D799001B8F7F /* Calendar */ = {
			isa = PBXGroup;
			children = (
			);
			path = Calendar;
			sourceTree = "<group>";
		};
/* End PBXGroup section */

/* Begin PBXNativeTarget section */
		5409E63F2C23CD1B001B8F7F /* LetMeKnow */ = {
			isa = PBXNativeTarget;
			buildConfigurationList = 5409E64E2C23CD1C001B8F7F /* Build configuration list for PBXNativeTarget "LetMeKnow" */;
			buildPhases = (
				5409E63C2C23CD1B001B8F7F /* Sources */,
				5409E63D2C23CD1B001B8F7F /* Frameworks */,
				5409E63E2C23CD1B001B8F7F /* Resources */,
			);
			buildRules = (
			);
			dependencies = (
			);
			name = LetMeKnow;
			productName = LetMeKnow;
			productReference = 5409E6402C23CD1B001B8F7F /* LetMeKnow.app */;
			productType = "com.apple.product-type.application";
		};
/* End PBXNativeTarget section */

/* Begin PBXProject section */
		5409E6382C23CD1B001B8F7F /* Project object */ = {
			isa = PBXProject;
			attributes = {
				BuildIndependentTargetsInParallel = 1;
				LastSwiftUpdateCheck = 1540;
				LastUpgradeCheck = 1540;
				TargetAttributes = {
					5409E63F2C23CD1B001B8F7F = {
						CreatedOnToolsVersion = 15.4;
					};
				};
			};
			buildConfigurationList = 5409E63B2C23CD1B001B8F7F /* Build configuration list for PBXProject "LetMeKnow" */;
			compatibilityVersion = "Xcode 14.0";
			developmentRegion = en;
			hasScannedForEncodings = 0;
			knownRegions = (
				en,
				Base,
			);
			mainGroup = 5409E6372C23CD1B001B8F7F;
			productRefGroup = 5409E6412C23CD1B001B8F7F /* Products */;
			projectDirPath = "";
			projectRoot = "";
			targets = (
				5409E63F2C23CD1B001B8F7F /* LetMeKnow */,
			);
		};
/* End PBXProject section */

/* Begin PBXResourcesBuildPhase section */
		5409E63E2C23CD1B001B8F7F /* Resources */ = {
			isa = PBXResourcesBuildPhase;
			buildActionMask = 2147483647;
			files = (
				5409E64B2C23CD1C001B8F7F /* Preview Assets.xcassets in Resources */,
				5409E6482C23CD1C001B8F7F /* Assets.xcassets in Resources */,
			);
			runOnlyForDeploymentPostprocessing = 0;
		};
/* End PBXResourcesBuildPhase section */

/* Begin PBXSourcesBuildPhase section */
		5409E63C2C23CD1B001B8F7F /* Sources */ = {
			isa = PBXSourcesBuildPhase;
			buildActionMask = 2147483647;
			files = (
				5409E6462C23CD1B001B8F7F /* ContentView.swift in Sources */,
				5409E6552C23D54A001B8F7F /* Task.swift in Sources */,
				5409E6442C23CD1B001B8F7F /* LetMeKnowApp.swift in Sources */,
				5409E6572C23D5D8001B8F7F /* CalendarDB.swift in Sources */,
			);
			runOnlyForDeploymentPostprocessing = 0;
		};
/* End PBXSourcesBuildPhase section */

/* Begin XCBuildConfiguration section */
		5409E64C2C23CD1C001B8F7F /* Debug */ = {
			isa = XCBuildConfiguration;
			buildSettings = {
				ALWAYS_SEARCH_USER_PATHS = NO;
				ASSETCATALOG_COMPILER_GENERATE_SWIFT_ASSET_SYMBOL_EXTENSIONS = YES;
				CLANG_ANALYZER_NONNULL = YES;
				CLANG_ANALYZER_NUMBER_OBJECT_CONVERSION = YES_AGGRESSIVE;
				CLANG_CXX_LANGUAGE_STANDARD = "gnu++20";
				CLANG_ENABLE_MODULES = YES;
				CLANG_ENABLE_OBJC_ARC = YES;
				CLANG_ENABLE_OBJC_WEAK = YES;
				CLANG_WARN_BLOCK_CAPTURE_AUTORELEASING = YES;
				CLANG_WARN_BOOL_CONVERSION = YES;
				CLANG_WARN_COMMA = YES;
				CLANG_WARN_CONSTANT_CONVERSION = YES;
				CLANG_WARN_DEPRECATED_OBJC_IMPLEMENTATIONS = YES;
				CLANG_WARN_DIRECT_OBJC_ISA_USAGE = YES_ERROR;
				CLANG_WARN_DOCUMENTATION_COMMENTS = YES;
				CLANG_WARN_EMPTY_BODY = YES;
				CLANG_WARN_ENUM_CONVERSION = YES;
				CLANG_WARN_INFINITE_RECURSION = YES;
				CLANG_WARN_INT_CONVERSION = YES;
				CLANG_WARN_NON_LITERAL_NULL_CONVERSION = YES;
				CLANG_WARN_OBJC_IMPLICIT_RETAIN_SELF = YES;
				CLANG_WARN_OBJC_LITERAL_CONVERSION = YES;
				CLANG_WARN_OBJC_ROOT_CLASS = YES_ERROR;
				CLANG_WARN_QUOTED_INCLUDE_IN_FRAMEWORK_HEADER = YES;
				CLANG_WARN_RANGE_LOOP_ANALYSIS = YES;
				CLANG_WARN_STRICT_PROTOTYPES = YES;
				CLANG_WARN_SUSPICIOUS_MOVE = YES;
				CLANG_WARN_UNGUARDED_AVAILABILITY = YES_AGGRESSIVE;
				CLANG_WARN_UNREACHABLE_CODE = YES;
				CLANG_WARN__DUPLICATE_METHOD_MATCH = YES;
				COPY_PHASE_STRIP = NO;
				DEBUG_INFORMATION_FORMAT = dwarf;
				ENABLE_STRICT_OBJC_MSGSEND = YES;
				ENABLE_TESTABILITY = YES;
				ENABLE_USER_SCRIPT_SANDBOXING = YES;
				GCC_C_LANGUAGE_STANDARD = gnu17;
				GCC_DYNAMIC_NO_PIC = NO;
				GCC_NO_COMMON_BLOCKS = YES;
				GCC_OPTIMIZATION_LEVEL = 0;
				GCC_PREPROCESSOR_DEFINITIONS = (
					"DEBUG=1",
					"$(inherited)",
				);
				GCC_WARN_64_TO_32_BIT_CONVERSION = YES;
				GCC_WARN_ABOUT_RETURN_TYPE = YES_ERROR;
				GCC_WARN_UNDECLARED_SELECTOR = YES;
				GCC_WARN_UNINITIALIZED_AUTOS = YES_AGGRESSIVE;
				GCC_WARN_UNUSED_FUNCTION = YES;
				GCC_WARN_UNUSED_VARIABLE = YES;
				IPHONEOS_DEPLOYMENT_TARGET = 17.5;
				LOCALIZATION_PREFERS_STRING_CATALOGS = YES;
				MTL_ENABLE_DEBUG_INFO = INCLUDE_SOURCE;
				MTL_FAST_MATH = YES;
				ONLY_ACTIVE_ARCH = YES;
				SDKROOT = iphoneos;
				SWIFT_ACTIVE_COMPILATION_CONDITIONS = "DEBUG $(inherited)";
				SWIFT_OPTIMIZATION_LEVEL = "-Onone";
			};
			name = Debug;
		};
		5409E64D2C23CD1C001B8F7F /* Release */ = {
			isa = XCBuildConfiguration;
			buildSettings = {
				ALWAYS_SEARCH_USER_PATHS = NO;
				ASSETCATALOG_COMPILER_GENERATE_SWIFT_ASSET_SYMBOL_EXTENSIONS = YES;
				CLANG_ANALYZER_NONNULL = YES;
				CLANG_ANALYZER_NUMBER_OBJECT_CONVERSION = YES_AGGRESSIVE;
				CLANG_CXX_LANGUAGE_STANDARD = "gnu++20";
				CLANG_ENABLE_MODULES = YES;
				CLANG_ENABLE_OBJC_ARC = YES;
				CLANG_ENABLE_OBJC_WEAK = YES;
				CLANG_WARN_BLOCK_CAPTURE_AUTORELEASING = YES;
				CLANG_WARN_BOOL_CONVERSION = YES;
				CLANG_WARN_COMMA = YES;
				CLANG_WARN_CONSTANT_CONVERSION = YES;
				CLANG_WARN_DEPRECATED_OBJC_IMPLEMENTATIONS = YES;
				CLANG_WARN_DIRECT_OBJC_ISA_USAGE = YES_ERROR;
				CLANG_WARN_DOCUMENTATION_COMMENTS = YES;
				CLANG_WARN_EMPTY_BODY = YES;
				CLANG_WARN_ENUM_CONVERSION = YES;
				CLANG_WARN_INFINITE_RECURSION = YES;
				CLANG_WARN_INT_CONVERSION = YES;
				CLANG_WARN_NON_LITERAL_NULL_CONVERSION = YES;
				CLANG_WARN_OBJC_IMPLICIT_RETAIN_SELF = YES;
				CLANG_WARN_OBJC_LITERAL_CONVERSION = YES;
				CLANG_WARN_OBJC_ROOT_CLASS = YES_ERROR;
				CLANG_WARN_QUOTED_INCLUDE_IN_FRAMEWORK_HEADER = YES;
				CLANG_WARN_RANGE_LOOP_ANALYSIS = YES;
				CLANG_WARN_STRICT_PROTOTYPES = YES;
				CLANG_WARN_SUSPICIOUS_MOVE = YES;
				CLANG_WARN_UNGUARDED_AVAILABILITY = YES_AGGRESSIVE;
				CLANG_WARN_UNREACHABLE_CODE = YES;
				CLANG_WARN__DUPLICATE_METHOD_MATCH = YES;
				COPY_PHASE_STRIP = NO;
				DEBUG_INFORMATION_FORMAT = "dwarf-with-dsym";
				ENABLE_NS_ASSERTIONS = NO;
				ENABLE_STRICT_OBJC_MSGSEND = YES;
				ENABLE_USER_SCRIPT_SANDBOXING = YES;
				GCC_C_LANGUAGE_STANDARD = gnu17;
				GCC_NO_COMMON_BLOCKS = YES;
				GCC_WARN_64_TO_32_BIT_CONVERSION = YES;
				GCC_WARN_ABOUT_RETURN_TYPE = YES_ERROR;
				GCC_WARN_UNDECLARED_SELECTOR = YES;
				GCC_WARN_UNINITIALIZED_AUTOS = YES_AGGRESSIVE;
				GCC_WARN_UNUSED_FUNCTION = YES;
				GCC_WARN_UNUSED_VARIABLE = YES;
				IPHONEOS_DEPLOYMENT_TARGET = 17.5;
				LOCALIZATION_PREFERS_STRING_CATALOGS = YES;
				MTL_ENABLE_DEBUG_INFO = NO;
				MTL_FAST_MATH = YES;
				SDKROOT = iphoneos;
				SWIFT_COMPILATION_MODE = wholemodule;
				VALIDATE_PRODUCT = YES;
			};
			name = Release;
		};
		5409E64F2C23CD1C001B8F7F /* Debug */ = {
			isa = XCBuildConfiguration;
			buildSettings = {
				ASSETCATALOG_COMPILER_APPICON_NAME = AppIcon;
				ASSETCATALOG_COMPILER_GLOBAL_ACCENT_COLOR_NAME = AccentColor;
				CODE_SIGN_STYLE = Automatic;
				CURRENT_PROJECT_VERSION = 1;
				DEVELOPMENT_ASSET_PATHS = "\"LetMeKnow/Preview Content\"";
				ENABLE_PREVIEWS = YES;
				GENERATE_INFOPLIST_FILE = YES;
				INFOPLIST_KEY_UIApplicationSceneManifest_Generation = YES;
				INFOPLIST_KEY_UIApplicationSupportsIndirectInputEvents = YES;
				INFOPLIST_KEY_UILaunchScreen_Generation = YES;
				INFOPLIST_KEY_UISupportedInterfaceOrientations_iPad = "UIInterfaceOrientationPortrait UIInterfaceOrientationPortraitUpsideDown UIInterfaceOrientationLandscapeLeft UIInterfaceOrientationLandscapeRight";
				INFOPLIST_KEY_UISupportedInterfaceOrientations_iPhone = "UIInterfaceOrientationPortrait UIInterfaceOrientationLandscapeLeft UIInterfaceOrientationLandscapeRight";
				LD_RUNPATH_SEARCH_PATHS = (
					"$(inherited)",
					"@executable_path/Frameworks",
				);
				MARKETING_VERSION = 1.0;
				PRODUCT_BUNDLE_IDENTIFIER = com.swiftlec.LetMeKnow;
				PRODUCT_NAME = "$(TARGET_NAME)";
				SWIFT_EMIT_LOC_STRINGS = YES;
				SWIFT_VERSION = 5.0;
				TARGETED_DEVICE_FAMILY = "1,2";
			};
			name = Debug;
		};
		5409E6502C23CD1C001B8F7F /* Release */ = {
			isa = XCBuildConfiguration;
			buildSettings = {
				ASSETCATALOG_COMPILER_APPICON_NAME = AppIcon;
				ASSETCATALOG_COMPILER_GLOBAL_ACCENT_COLOR_NAME = AccentColor;
				CODE_SIGN_STYLE = Automatic;
				CURRENT_PROJECT_VERSION = 1;
				DEVELOPMENT_ASSET_PATHS = "\"LetMeKnow/Preview Content\"";
				ENABLE_PREVIEWS = YES;
				GENERATE_INFOPLIST_FILE = YES;
				INFOPLIST_KEY_UIApplicationSceneManifest_Generation = YES;
				INFOPLIST_KEY_UIApplicationSupportsIndirectInputEvents = YES;
				INFOPLIST_KEY_UILaunchScreen_Generation = YES;
				INFOPLIST_KEY_UISupportedInterfaceOrientations_iPad = "UIInterfaceOrientationPortrait UIInterfaceOrientationPortraitUpsideDown UIInterfaceOrientationLandscapeLeft UIInterfaceOrientationLandscapeRight";
				INFOPLIST_KEY_UISupportedInterfaceOrientations_iPhone = "UIInterfaceOrientationPortrait UIInterfaceOrientationLandscapeLeft UIInterfaceOrientationLandscapeRight";
				LD_RUNPATH_SEARCH_PATHS = (
					"$(inherited)",
					"@executable_path/Frameworks",
				);
				MARKETING_VERSION = 1.0;
				PRODUCT_BUNDLE_IDENTIFIER = com.swiftlec.LetMeKnow;
				PRODUCT_NAME = "$(TARGET_NAME)";
				SWIFT_EMIT_LOC_STRINGS = YES;
				SWIFT_VERSION = 5.0;
				TARGETED_DEVICE_FAMILY = "1,2";
			};
			name = Release;
		};
/* End XCBuildConfiguration section */

/* Begin XCConfigurationList section */
		5409E63B2C23CD1B001B8F7F /* Build configuration list for PBXProject "LetMeKnow" */ = {
			isa = XCConfigurationList;
			buildConfigurations = (
				5409E64C2C23CD1C001B8F7F /* Debug */,
				5409E64D2C23CD1C001B8F7F /* Release */,
			);
			defaultConfigurationIsVisible = 0;
			defaultConfigurationName = Release;
		};
		5409E64E2C23CD1C001B8F7F /* Build configuration list for PBXNativeTarget "LetMeKnow" */ = {
			isa = XCConfigurationList;
			buildConfigurations = (
				5409E64F2C23CD1C001B8F7F /* Debug */,
				5409E6502C23CD1C001B8F7F /* Release */,
			);
			defaultConfigurationIsVisible = 0;
			defaultConfigurationName = Release;
		};
/* End XCConfigurationList section */
	};
	rootObject = 5409E6382C23CD1B001B8F7F /* Project object */;
}
